
Microsoft Visual Studio Solution File, Format Version 12.00
# Visual Studio Version 17
VisualStudioVersion = 17.13.35931.197 d17.13
MinimumVisualStudioVersion = 10.0.40219.1
Project("{FAE04EC0-301F-11D3-BF4B-00C04F79EFBC}") = "VaccinationReminderApp", "VaccinationReminderApp\VaccinationReminderApp.csproj", "{AF753032-72B0-452F-AED3-7E3073CED172}"
EndProject
Global
	GlobalSection(SolutionConfigurationPlatforms) = preSolution
		Debug|Any CPU = Debug|Any CPU
		Release|Any CPU = Release|Any CPU
	EndGlobalSection
	GlobalSection(ProjectConfigurationPlatforms) = postSolution
		{AF753032-72B0-452F-AED3-7E3073CED172}.Debug|Any CPU.ActiveCfg = Debug|Any CPU
		{AF753032-72B0-452F-AED3-7E3073CED172}.Debug|Any CPU.Build.0 = Debug|Any CPU
		{AF753032-72B0-452F-AED3-7E3073CED172}.Release|Any CPU.ActiveCfg = Release|Any CPU
		{AF753032-72B0-452F-AED3-7E3073CED172}.Release|Any CPU.Build.0 = Release|Any CPU
	EndGlobalSection
	GlobalSection(SolutionProperties) = preSolution
		HideSolutionNode = FALSE
	EndGlobalSection
	GlobalSection(ExtensibilityGlobals) = postSolution
		SolutionGuid = {48BCF513-4FD9-4D29-AE99-925F40050332}
	EndGlobalSection
EndGlobal
